
Microsoft Visual Studio Solution File, Format Version 12.00
# Visual Studio Version 17
VisualStudioVersion = 17.7.34031.279
MinimumVisualStudioVersion = 10.0.40219.1
Project("{FAE04EC0-301F-11D3-BF4B-00C04F79EFBC}") = "MyDapper", "MyDapper\MyDapper.csproj", "{534CF600-101E-4C0D-A120-6E52288060B7}"
EndProject
Project("{FAE04EC0-301F-11D3-BF4B-00C04F79EFBC}") = "MyDapper.Persistence", "MyDapper.Persistence\MyDapper.Persistence.csproj", "{83EF64E7-316B-4709-963D-A5D208CD1864}"
EndProject
Project("{FAE04EC0-301F-11D3-BF4B-00C04F79EFBC}") = "MyDapper.Domain", "MyDapper.Domain\MyDapper.Domain.csproj", "{B80F2AD1-1460-4797-93BD-76DCC71FE5CA}"
EndProject
Global
	GlobalSection(SolutionConfigurationPlatforms) = preSolution
		Debug|Any CPU = Debug|Any CPU
		Release|Any CPU = Release|Any CPU
	EndGlobalSection
	GlobalSection(ProjectConfigurationPlatforms) = postSolution
		{534CF600-101E-4C0D-A120-6E52288060B7}.Debug|Any CPU.ActiveCfg = Debug|Any CPU
		{534CF600-101E-4C0D-A120-6E52288060B7}.Debug|Any CPU.Build.0 = Debug|Any CPU
		{534CF600-101E-4C0D-A120-6E52288060B7}.Release|Any CPU.ActiveCfg = Release|Any CPU
		{534CF600-101E-4C0D-A120-6E52288060B7}.Release|Any CPU.Build.0 = Release|Any CPU
		{83EF64E7-316B-4709-963D-A5D208CD1864}.Debug|Any CPU.ActiveCfg = Debug|Any CPU
		{83EF64E7-316B-4709-963D-A5D208CD1864}.Debug|Any CPU.Build.0 = Debug|Any CPU
		{83EF64E7-316B-4709-963D-A5D208CD1864}.Release|Any CPU.ActiveCfg = Release|Any CPU
		{83EF64E7-316B-4709-963D-A5D208CD1864}.Release|Any CPU.Build.0 = Release|Any CPU
		{B80F2AD1-1460-4797-93BD-76DCC71FE5CA}.Debug|Any CPU.ActiveCfg = Debug|Any CPU
		{B80F2AD1-1460-4797-93BD-76DCC71FE5CA}.Debug|Any CPU.Build.0 = Debug|Any CPU
		{B80F2AD1-1460-4797-93BD-76DCC71FE5CA}.Release|Any CPU.ActiveCfg = Release|Any CPU
		{B80F2AD1-1460-4797-93BD-76DCC71FE5CA}.Release|Any CPU.Build.0 = Release|Any CPU
	EndGlobalSection
	GlobalSection(SolutionProperties) = preSolution
		HideSolutionNode = FALSE
	EndGlobalSection
	GlobalSection(ExtensibilityGlobals) = postSolution
		SolutionGuid = {59CE3A77-B27F-4184-9FEC-DF625A57576E}
	EndGlobalSection
EndGlobal
